
Microsoft Visual Studio Solution File, Format Version 12.00
# Visual Studio 15
VisualStudioVersion = 15.0.27428.2043
MinimumVisualStudioVersion = 10.0.40219.1
Project("{9A19103F-16F7-4668-BE54-9A1E7A4F7556}") = "Graphs", "Graphs\Graphs.csproj", "{C875C298-2F04-4CE6-ACE4-3BF11DBC4491}"
EndProject
Project("{9A19103F-16F7-4668-BE54-9A1E7A4F7556}") = "GraphsUnitTests", "GraphsUnitTests\GraphsUnitTests.csproj", "{A1C37DAE-42A4-410C-9DA8-665D05528959}"
EndProject
Global
	GlobalSection(SolutionConfigurationPlatforms) = preSolution
		Debug|Any CPU = Debug|Any CPU
		Release|Any CPU = Release|Any CPU
	EndGlobalSection
	GlobalSection(ProjectConfigurationPlatforms) = postSolution
		{C875C298-2F04-4CE6-ACE4-3BF11DBC4491}.Debug|Any CPU.ActiveCfg = Debug|Any CPU
		{C875C298-2F04-4CE6-ACE4-3BF11DBC4491}.Debug|Any CPU.Build.0 = Debug|Any CPU
		{C875C298-2F04-4CE6-ACE4-3BF11DBC4491}.Release|Any CPU.ActiveCfg = Release|Any CPU
		{C875C298-2F04-4CE6-ACE4-3BF11DBC4491}.Release|Any CPU.Build.0 = Release|Any CPU
		{A1C37DAE-42A4-410C-9DA8-665D05528959}.Debug|Any CPU.ActiveCfg = Debug|Any CPU
		{A1C37DAE-42A4-410C-9DA8-665D05528959}.Debug|Any CPU.Build.0 = Debug|Any CPU
		{A1C37DAE-42A4-410C-9DA8-665D05528959}.Release|Any CPU.ActiveCfg = Release|Any CPU
		{A1C37DAE-42A4-410C-9DA8-665D05528959}.Release|Any CPU.Build.0 = Release|Any CPU
	EndGlobalSection
	GlobalSection(SolutionProperties) = preSolution
		HideSolutionNode = FALSE
	EndGlobalSection
	GlobalSection(ExtensibilityGlobals) = postSolution
		SolutionGuid = {6492F6B0-2C60-4B1E-874D-99FEBDADBA39}
	EndGlobalSection
EndGlobal
